
Microsoft Visual Studio Solution File, Format Version 12.00
# Visual Studio Version 16
VisualStudioVersion = 16.0.30907.101
MinimumVisualStudioVersion = 10.0.40219.1
Project("{FAE04EC0-301F-11D3-BF4B-00C04F79EFBC}") = "Lab11", "Lab11\Lab11.csproj", "{254A589A-10B2-4FC0-8725-982CEFADCC78}"
EndProject
Global
	GlobalSection(SolutionConfigurationPlatforms) = preSolution
		Debug|Any CPU = Debug|Any CPU
		Release|Any CPU = Release|Any CPU
	EndGlobalSection
	GlobalSection(ProjectConfigurationPlatforms) = postSolution
		{254A589A-10B2-4FC0-8725-982CEFADCC78}.Debug|Any CPU.ActiveCfg = Debug|Any CPU
		{254A589A-10B2-4FC0-8725-982CEFADCC78}.Debug|Any CPU.Build.0 = Debug|Any CPU
		{254A589A-10B2-4FC0-8725-982CEFADCC78}.Release|Any CPU.ActiveCfg = Release|Any CPU
		{254A589A-10B2-4FC0-8725-982CEFADCC78}.Release|Any CPU.Build.0 = Release|Any CPU
	EndGlobalSection
	GlobalSection(SolutionProperties) = preSolution
		HideSolutionNode = FALSE
	EndGlobalSection
	GlobalSection(ExtensibilityGlobals) = postSolution
		SolutionGuid = {DD7615E7-4687-4D8A-A054-97F9A13CE78B}
	EndGlobalSection
EndGlobal
